
Microsoft Visual Studio Solution File, Format Version 12.00
# Visual Studio 15
VisualStudioVersion = 15.0.28307.757
MinimumVisualStudioVersion = 10.0.40219.1
Project("{FAE04EC0-301F-11D3-BF4B-00C04F79EFBC}") = "atv1_ws", "atv1_ws\atv1_ws.csproj", "{468E0EDD-7A21-41B5-9A81-C5C77AB30FB8}"
EndProject
Global
	GlobalSection(SolutionConfigurationPlatforms) = preSolution
		Debug|Any CPU = Debug|Any CPU
		Release|Any CPU = Release|Any CPU
	EndGlobalSection
	GlobalSection(ProjectConfigurationPlatforms) = postSolution
		{468E0EDD-7A21-41B5-9A81-C5C77AB30FB8}.Debug|Any CPU.ActiveCfg = Debug|Any CPU
		{468E0EDD-7A21-41B5-9A81-C5C77AB30FB8}.Debug|Any CPU.Build.0 = Debug|Any CPU
		{468E0EDD-7A21-41B5-9A81-C5C77AB30FB8}.Release|Any CPU.ActiveCfg = Release|Any CPU
		{468E0EDD-7A21-41B5-9A81-C5C77AB30FB8}.Release|Any CPU.Build.0 = Release|Any CPU
	EndGlobalSection
	GlobalSection(SolutionProperties) = preSolution
		HideSolutionNode = FALSE
	EndGlobalSection
	GlobalSection(ExtensibilityGlobals) = postSolution
		SolutionGuid = {D3F69AD0-EBA3-4319-AB5E-B58BA0E69999}
	EndGlobalSection
EndGlobal
